
Microsoft Visual Studio Solution File, Format Version 12.00
# Visual Studio Version 17
VisualStudioVersion = 17.6.33815.320
MinimumVisualStudioVersion = 10.0.40219.1
Project("{9A19103F-16F7-4668-BE54-9A1E7A4F7556}") = "szyfr_homofoniczny", "szyfr homofoniczny\szyfr_homofoniczny.csproj", "{5BBD36E3-C460-4F09-A068-C1CC336CB014}"
EndProject
Global
	GlobalSection(SolutionConfigurationPlatforms) = preSolution
		Debug|Any CPU = Debug|Any CPU
		Release|Any CPU = Release|Any CPU
	EndGlobalSection
	GlobalSection(ProjectConfigurationPlatforms) = postSolution
		{5BBD36E3-C460-4F09-A068-C1CC336CB014}.Debug|Any CPU.ActiveCfg = Debug|Any CPU
		{5BBD36E3-C460-4F09-A068-C1CC336CB014}.Debug|Any CPU.Build.0 = Debug|Any CPU
		{5BBD36E3-C460-4F09-A068-C1CC336CB014}.Release|Any CPU.ActiveCfg = Release|Any CPU
		{5BBD36E3-C460-4F09-A068-C1CC336CB014}.Release|Any CPU.Build.0 = Release|Any CPU
	EndGlobalSection
	GlobalSection(SolutionProperties) = preSolution
		HideSolutionNode = FALSE
	EndGlobalSection
	GlobalSection(ExtensibilityGlobals) = postSolution
		SolutionGuid = {A5C8053A-809A-4388-9CEE-0B8FB1491EB2}
	EndGlobalSection
EndGlobal
